
Microsoft Visual Studio Solution File, Format Version 12.00
# Visual Studio 2013
VisualStudioVersion = 12.0.31101.0
MinimumVisualStudioVersion = 10.0.40219.1
Project("{FAE04EC0-301F-11D3-BF4B-00C04F79EFBC}") = "CookBook-Module5", "CookBook-Module5.csproj", "{BAC93EBA-0EE4-476E-8336-8D0FFB2F095B}"
EndProject
Global
	GlobalSection(SolutionConfigurationPlatforms) = preSolution
		Debug|Any CPU = Debug|Any CPU
		Release|Any CPU = Release|Any CPU
	EndGlobalSection
	GlobalSection(ProjectConfigurationPlatforms) = postSolution
		{BAC93EBA-0EE4-476E-8336-8D0FFB2F095B}.Debug|Any CPU.ActiveCfg = Debug|Any CPU
		{BAC93EBA-0EE4-476E-8336-8D0FFB2F095B}.Debug|Any CPU.Build.0 = Debug|Any CPU
		{BAC93EBA-0EE4-476E-8336-8D0FFB2F095B}.Release|Any CPU.ActiveCfg = Release|Any CPU
		{BAC93EBA-0EE4-476E-8336-8D0FFB2F095B}.Release|Any CPU.Build.0 = Release|Any CPU
	EndGlobalSection
	GlobalSection(SolutionProperties) = preSolution
		HideSolutionNode = FALSE
	EndGlobalSection
EndGlobal
